
Microsoft Visual Studio Solution File, Format Version 12.00
# Visual Studio Version 17
VisualStudioVersion = 17.14.36511.14
MinimumVisualStudioVersion = 10.0.40219.1
Project("{2150E333-8FDC-42A3-9474-1A3956D46DE8}") = "Task0", "Task0", "{02EA681E-C7D8-13C7-8484-4AC65E1B71E8}"
EndProject
Project("{FAE04EC0-301F-11D3-BF4B-00C04F79EFBC}") = "Tyuiu.LavrentevVA.Sprint2.Task0.V9", "Tyuiu.LavrentevVA.Sprint2.Task0.V9\Tyuiu.LavrentevVA.Sprint2.Task0.V9.csproj", "{A2A57D66-EB7B-4B2D-8406-80A6769B1E38}"
EndProject
Project("{FAE04EC0-301F-11D3-BF4B-00C04F79EFBC}") = "Tyuiu.LavrentevVA.Sprint2.Task0.V9.Lib", "Tyuiu.LavrentevVA.Sprint2.Task0.V9.Lib\Tyuiu.LavrentevVA.Sprint2.Task0.V9.Lib.csproj", "{9AA9900C-BF07-4972-945C-3F02FFCE34E8}"
EndProject
Project("{FAE04EC0-301F-11D3-BF4B-00C04F79EFBC}") = "Tyuiu.LavrentevVA.Sprint2.Task0.V9.Test", "Tyuiu.LavrentevVA.Sprint2.Task0.V9.Test\Tyuiu.LavrentevVA.Sprint2.Task0.V9.Test.csproj", "{51C8D72A-AFF4-4633-AE57-27588DA1186A}"
EndProject
Project("{2150E333-8FDC-42A3-9474-1A3956D46DE8}") = "Task1", "Task1", "{2EA0A29A-07AF-44D5-9F6F-E33A7BDC7C94}"
EndProject
Project("{FAE04EC0-301F-11D3-BF4B-00C04F79EFBC}") = "Tyuiu.LavrentevVA.Sprint2.Task1.V18", "Tyuiu.LavrentevVA.Sprint2.Task1.V18\Tyuiu.LavrentevVA.Sprint2.Task1.V18.csproj", "{B634C53A-8604-4DF9-B43C-4FCDDB7CCE6E}"
EndProject
Project("{FAE04EC0-301F-11D3-BF4B-00C04F79EFBC}") = "Tyuiu.LavrentevVA.Sprint2.Task1.V18.Lib", "Tyuiu.LavrentevVA.Sprint2.Task1.V18.Lib\Tyuiu.LavrentevVA.Sprint2.Task1.V18.Lib.csproj", "{03DBD910-C62F-4BB5-AF9E-1B49F6F4F0B5}"
EndProject
Project("{FAE04EC0-301F-11D3-BF4B-00C04F79EFBC}") = "Tyuiu.LavrentevVA.Sprint2.Task1.V18.Test", "Tyuiu.LavrentevVA.Sprint2.Task1.V18.Test\Tyuiu.LavrentevVA.Sprint2.Task1.V18.Test.csproj", "{CDDFE49D-FFA3-4925-AFF1-F4C7F8CC77E1}"
EndProject
Project("{2150E333-8FDC-42A3-9474-1A3956D46DE8}") = "Task2", "Task2", "{06C5B30A-CEC7-4922-BDDF-FFFD1EDE62C5}"
EndProject
Project("{FAE04EC0-301F-11D3-BF4B-00C04F79EFBC}") = "Tyuiu.LavrentevVA.Sprint2.Task2.V29", "Tyuiu.LavrentevVA.Sprint2.Task2.V29\Tyuiu.LavrentevVA.Sprint2.Task2.V29.csproj", "{DA2C8583-FAE3-4D88-B9BF-DE9CEDE83BE9}"
EndProject
Project("{FAE04EC0-301F-11D3-BF4B-00C04F79EFBC}") = "Tyuiu.LavrentevVA.Sprint2.Task2.V29.Lib", "Tyuiu.LavrentevVA.Sprint2.Task2.V29.Lib\Tyuiu.LavrentevVA.Sprint2.Task2.V29.Lib.csproj", "{FDE3F07B-92BC-44AE-A16C-675CDFC0B265}"
EndProject
Project("{FAE04EC0-301F-11D3-BF4B-00C04F79EFBC}") = "Tyuiu.LavrentevVA.Sprint2.Task2.V29.Test", "Tyuiu.LavrentevVA.Sprint2.Task2.V29.Test\Tyuiu.LavrentevVA.Sprint2.Task2.V29.Test.csproj", "{FDA9FA19-8EA0-4CEC-9AF1-A24CA4389BCE}"
EndProject
Project("{2150E333-8FDC-42A3-9474-1A3956D46DE8}") = "Task3", "Task3", "{DEAD4E1C-0F68-4252-9724-95C654EBFD4A}"
EndProject
Project("{FAE04EC0-301F-11D3-BF4B-00C04F79EFBC}") = "Tyuiu.LavrentevVA.Sprint2.Task3.V11", "Tyuiu.LavrentevVA.Sprint2.Task3.V11\Tyuiu.LavrentevVA.Sprint2.Task3.V11.csproj", "{9B79BBA7-6A46-4484-B50B-17BCACABB985}"
EndProject
Project("{FAE04EC0-301F-11D3-BF4B-00C04F79EFBC}") = "Tyuiu.LavrentevVA.Sprint2.Task3.V11.Lib", "Tyuiu.LavrentevVA.Sprint2.Task3.V11.Lib\Tyuiu.LavrentevVA.Sprint2.Task3.V11.Lib.csproj", "{8AC9690A-47BA-4483-B2F8-E2F10832BF3E}"
EndProject
Project("{FAE04EC0-301F-11D3-BF4B-00C04F79EFBC}") = "Tyuiu.LavrentevVA.Sprint2.Task3.V11.Test", "Tyuiu.LavrentevVA.Sprint2.Task3.V11.Test\Tyuiu.LavrentevVA.Sprint2.Task3.V11.Test.csproj", "{813E02F0-F0A4-4B15-A8A3-0DCE44AD059A}"
EndProject
Project("{2150E333-8FDC-42A3-9474-1A3956D46DE8}") = "Task4", "Task4", "{9C2A7599-5D20-457D-B01B-6A1F04858CD3}"
EndProject
Project("{FAE04EC0-301F-11D3-BF4B-00C04F79EFBC}") = "Tyuiu.LavrentevVA.Sprint2.Task4.V30", "Tyuiu.LavrentevVA.Sprint2.Task4.V30\Tyuiu.LavrentevVA.Sprint2.Task4.V30.csproj", "{FD6DDFCB-02C1-43A8-8748-DAFB180A8C13}"
EndProject
Project("{FAE04EC0-301F-11D3-BF4B-00C04F79EFBC}") = "Tyuiu.LavrentevVA.Sprint2.Task4.V30.Lib", "Tyuiu.LavrentevVA.Sprint2.Task4.V30.Lib\Tyuiu.LavrentevVA.Sprint2.Task4.V30.Lib.csproj", "{A412BC97-3772-4306-9CF6-FA8B9F03A647}"
EndProject
Project("{FAE04EC0-301F-11D3-BF4B-00C04F79EFBC}") = "Tyuiu.LavrentevVA.Sprint2.Task4.V30.Test", "Tyuiu.LavrentevVA.Sprint2.Task4.V30.Test\Tyuiu.LavrentevVA.Sprint2.Task4.V30.Test.csproj", "{6F20EC80-AF67-436B-9CE0-8DAC91C27134}"
EndProject
Global
	GlobalSection(SolutionConfigurationPlatforms) = preSolution
		Debug|Any CPU = Debug|Any CPU
		Release|Any CPU = Release|Any CPU
	EndGlobalSection
	GlobalSection(ProjectConfigurationPlatforms) = postSolution
		{A2A57D66-EB7B-4B2D-8406-80A6769B1E38}.Debug|Any CPU.ActiveCfg = Debug|Any CPU
		{A2A57D66-EB7B-4B2D-8406-80A6769B1E38}.Debug|Any CPU.Build.0 = Debug|Any CPU
		{A2A57D66-EB7B-4B2D-8406-80A6769B1E38}.Release|Any CPU.ActiveCfg = Release|Any CPU
		{A2A57D66-EB7B-4B2D-8406-80A6769B1E38}.Release|Any CPU.Build.0 = Release|Any CPU
		{9AA9900C-BF07-4972-945C-3F02FFCE34E8}.Debug|Any CPU.ActiveCfg = Debug|Any CPU
		{9AA9900C-BF07-4972-945C-3F02FFCE34E8}.Debug|Any CPU.Build.0 = Debug|Any CPU
		{9AA9900C-BF07-4972-945C-3F02FFCE34E8}.Release|Any CPU.ActiveCfg = Release|Any CPU
		{9AA9900C-BF07-4972-945C-3F02FFCE34E8}.Release|Any CPU.Build.0 = Release|Any CPU
		{51C8D72A-AFF4-4633-AE57-27588DA1186A}.Debug|Any CPU.ActiveCfg = Debug|Any CPU
		{51C8D72A-AFF4-4633-AE57-27588DA1186A}.Debug|Any CPU.Build.0 = Debug|Any CPU
		{51C8D72A-AFF4-4633-AE57-27588DA1186A}.Release|Any CPU.ActiveCfg = Release|Any CPU
		{51C8D72A-AFF4-4633-AE57-27588DA1186A}.Release|Any CPU.Build.0 = Release|Any CPU
		{B634C53A-8604-4DF9-B43C-4FCDDB7CCE6E}.Debug|Any CPU.ActiveCfg = Debug|Any CPU
		{B634C53A-8604-4DF9-B43C-4FCDDB7CCE6E}.Debug|Any CPU.Build.0 = Debug|Any CPU
		{B634C53A-8604-4DF9-B43C-4FCDDB7CCE6E}.Release|Any CPU.ActiveCfg = Release|Any CPU
		{B634C53A-8604-4DF9-B43C-4FCDDB7CCE6E}.Release|Any CPU.Build.0 = Release|Any CPU
		{03DBD910-C62F-4BB5-AF9E-1B49F6F4F0B5}.Debug|Any CPU.ActiveCfg = Debug|Any CPU
		{03DBD910-C62F-4BB5-AF9E-1B49F6F4F0B5}.Debug|Any CPU.Build.0 = Debug|Any CPU
		{03DBD910-C62F-4BB5-AF9E-1B49F6F4F0B5}.Release|Any CPU.ActiveCfg = Release|Any CPU
		{03DBD910-C62F-4BB5-AF9E-1B49F6F4F0B5}.Release|Any CPU.Build.0 = Release|Any CPU
		{CDDFE49D-FFA3-4925-AFF1-F4C7F8CC77E1}.Debug|Any CPU.ActiveCfg = Debug|Any CPU
		{CDDFE49D-FFA3-4925-AFF1-F4C7F8CC77E1}.Debug|Any CPU.Build.0 = Debug|Any CPU
		{CDDFE49D-FFA3-4925-AFF1-F4C7F8CC77E1}.Release|Any CPU.ActiveCfg = Release|Any CPU
		{CDDFE49D-FFA3-4925-AFF1-F4C7F8CC77E1}.Release|Any CPU.Build.0 = Release|Any CPU
		{DA2C8583-FAE3-4D88-B9BF-DE9CEDE83BE9}.Debug|Any CPU.ActiveCfg = Debug|Any CPU
		{DA2C8583-FAE3-4D88-B9BF-DE9CEDE83BE9}.Debug|Any CPU.Build.0 = Debug|Any CPU
		{DA2C8583-FAE3-4D88-B9BF-DE9CEDE83BE9}.Release|Any CPU.ActiveCfg = Release|Any CPU
		{DA2C8583-FAE3-4D88-B9BF-DE9CEDE83BE9}.Release|Any CPU.Build.0 = Release|Any CPU
		{FDE3F07B-92BC-44AE-A16C-675CDFC0B265}.Debug|Any CPU.ActiveCfg = Debug|Any CPU
		{FDE3F07B-92BC-44AE-A16C-675CDFC0B265}.Debug|Any CPU.Build.0 = Debug|Any CPU
		{FDE3F07B-92BC-44AE-A16C-675CDFC0B265}.Release|Any CPU.ActiveCfg = Release|Any CPU
		{FDE3F07B-92BC-44AE-A16C-675CDFC0B265}.Release|Any CPU.Build.0 = Release|Any CPU
		{FDA9FA19-8EA0-4CEC-9AF1-A24CA4389BCE}.Debug|Any CPU.ActiveCfg = Debug|Any CPU
		{FDA9FA19-8EA0-4CEC-9AF1-A24CA4389BCE}.Debug|Any CPU.Build.0 = Debug|Any CPU
		{FDA9FA19-8EA0-4CEC-9AF1-A24CA4389BCE}.Release|Any CPU.ActiveCfg = Release|Any CPU
		{FDA9FA19-8EA0-4CEC-9AF1-A24CA4389BCE}.Release|Any CPU.Build.0 = Release|Any CPU
		{9B79BBA7-6A46-4484-B50B-17BCACABB985}.Debug|Any CPU.ActiveCfg = Debug|Any CPU
		{9B79BBA7-6A46-4484-B50B-17BCACABB985}.Debug|Any CPU.Build.0 = Debug|Any CPU
		{9B79BBA7-6A46-4484-B50B-17BCACABB985}.Release|Any CPU.ActiveCfg = Release|Any CPU
		{9B79BBA7-6A46-4484-B50B-17BCACABB985}.Release|Any CPU.Build.0 = Release|Any CPU
		{8AC9690A-47BA-4483-B2F8-E2F10832BF3E}.Debug|Any CPU.ActiveCfg = Debug|Any CPU
		{8AC9690A-47BA-4483-B2F8-E2F10832BF3E}.Debug|Any CPU.Build.0 = Debug|Any CPU
		{8AC9690A-47BA-4483-B2F8-E2F10832BF3E}.Release|Any CPU.ActiveCfg = Release|Any CPU
		{8AC9690A-47BA-4483-B2F8-E2F10832BF3E}.Release|Any CPU.Build.0 = Release|Any CPU
		{813E02F0-F0A4-4B15-A8A3-0DCE44AD059A}.Debug|Any CPU.ActiveCfg = Debug|Any CPU
		{813E02F0-F0A4-4B15-A8A3-0DCE44AD059A}.Debug|Any CPU.Build.0 = Debug|Any CPU
		{813E02F0-F0A4-4B15-A8A3-0DCE44AD059A}.Release|Any CPU.ActiveCfg = Release|Any CPU
		{813E02F0-F0A4-4B15-A8A3-0DCE44AD059A}.Release|Any CPU.Build.0 = Release|Any CPU
		{FD6DDFCB-02C1-43A8-8748-DAFB180A8C13}.Debug|Any CPU.ActiveCfg = Debug|Any CPU
		{FD6DDFCB-02C1-43A8-8748-DAFB180A8C13}.Debug|Any CPU.Build.0 = Debug|Any CPU
		{FD6DDFCB-02C1-43A8-8748-DAFB180A8C13}.Release|Any CPU.ActiveCfg = Release|Any CPU
		{FD6DDFCB-02C1-43A8-8748-DAFB180A8C13}.Release|Any CPU.Build.0 = Release|Any CPU
		{A412BC97-3772-4306-9CF6-FA8B9F03A647}.Debug|Any CPU.ActiveCfg = Debug|Any CPU
		{A412BC97-3772-4306-9CF6-FA8B9F03A647}.Debug|Any CPU.Build.0 = Debug|Any CPU
		{A412BC97-3772-4306-9CF6-FA8B9F03A647}.Release|Any CPU.ActiveCfg = Release|Any CPU
		{A412BC97-3772-4306-9CF6-FA8B9F03A647}.Release|Any CPU.Build.0 = Release|Any CPU
		{6F20EC80-AF67-436B-9CE0-8DAC91C27134}.Debug|Any CPU.ActiveCfg = Debug|Any CPU
		{6F20EC80-AF67-436B-9CE0-8DAC91C27134}.Debug|Any CPU.Build.0 = Debug|Any CPU
		{6F20EC80-AF67-436B-9CE0-8DAC91C27134}.Release|Any CPU.ActiveCfg = Release|Any CPU
		{6F20EC80-AF67-436B-9CE0-8DAC91C27134}.Release|Any CPU.Build.0 = Release|Any CPU
	EndGlobalSection
	GlobalSection(SolutionProperties) = preSolution
		HideSolutionNode = FALSE
	EndGlobalSection
	GlobalSection(NestedProjects) = preSolution
		{A2A57D66-EB7B-4B2D-8406-80A6769B1E38} = {02EA681E-C7D8-13C7-8484-4AC65E1B71E8}
		{9AA9900C-BF07-4972-945C-3F02FFCE34E8} = {02EA681E-C7D8-13C7-8484-4AC65E1B71E8}
		{51C8D72A-AFF4-4633-AE57-27588DA1186A} = {02EA681E-C7D8-13C7-8484-4AC65E1B71E8}
		{B634C53A-8604-4DF9-B43C-4FCDDB7CCE6E} = {2EA0A29A-07AF-44D5-9F6F-E33A7BDC7C94}
		{03DBD910-C62F-4BB5-AF9E-1B49F6F4F0B5} = {2EA0A29A-07AF-44D5-9F6F-E33A7BDC7C94}
		{CDDFE49D-FFA3-4925-AFF1-F4C7F8CC77E1} = {2EA0A29A-07AF-44D5-9F6F-E33A7BDC7C94}
		{DA2C8583-FAE3-4D88-B9BF-DE9CEDE83BE9} = {06C5B30A-CEC7-4922-BDDF-FFFD1EDE62C5}
		{FDE3F07B-92BC-44AE-A16C-675CDFC0B265} = {06C5B30A-CEC7-4922-BDDF-FFFD1EDE62C5}
		{FDA9FA19-8EA0-4CEC-9AF1-A24CA4389BCE} = {06C5B30A-CEC7-4922-BDDF-FFFD1EDE62C5}
		{9B79BBA7-6A46-4484-B50B-17BCACABB985} = {DEAD4E1C-0F68-4252-9724-95C654EBFD4A}
		{8AC9690A-47BA-4483-B2F8-E2F10832BF3E} = {DEAD4E1C-0F68-4252-9724-95C654EBFD4A}
		{813E02F0-F0A4-4B15-A8A3-0DCE44AD059A} = {DEAD4E1C-0F68-4252-9724-95C654EBFD4A}
		{FD6DDFCB-02C1-43A8-8748-DAFB180A8C13} = {9C2A7599-5D20-457D-B01B-6A1F04858CD3}
		{A412BC97-3772-4306-9CF6-FA8B9F03A647} = {9C2A7599-5D20-457D-B01B-6A1F04858CD3}
		{6F20EC80-AF67-436B-9CE0-8DAC91C27134} = {9C2A7599-5D20-457D-B01B-6A1F04858CD3}
	EndGlobalSection
	GlobalSection(ExtensibilityGlobals) = postSolution
		SolutionGuid = {995FFEA8-A8C5-4090-B1ED-BA1D8E8928FB}
	EndGlobalSection
EndGlobal
